// !$*UTF8*$!
{
	archiveVersion = 1;
	classes = {
	};
	objectVersion = 48;
	objects = {

/* Begin PBXBuildFile section */
		2798AB551FD591A400948CF3 /* AppDelegate.m in Sources */ = {isa = PBXBuildFile; fileRef = 2798AB541FD591A400948CF3 /* AppDelegate.m */; };
		2798AB581FD591A400948CF3 /* ViewController.m in Sources */ = {isa = PBXBuildFile; fileRef = 2798AB571FD591A400948CF3 /* ViewController.m */; };
		2798AB5B1FD591A400948CF3 /* Main.storyboard in Resources */ = {isa = PBXBuildFile; fileRef = 2798AB591FD591A400948CF3 /* Main.storyboard */; };
		2798AB5D1FD591A400948CF3 /* Assets.xcassets in Resources */ = {isa = PBXBuildFile; fileRef = 2798AB5C1FD591A400948CF3 /* Assets.xcassets */; };
		2798AB601FD591A400948CF3 /* LaunchScreen.storyboard in Resources */ = {isa = PBXBuildFile; fileRef = 2798AB5E1FD591A400948CF3 /* LaunchScreen.storyboard */; };
		2798AB631FD591A400948CF3 /* main.m in Sources */ = {isa = PBXBuildFile; fileRef = 2798AB621FD591A400948CF3 /* main.m */; };
		2798AB6D1FD591A500948CF3 /* demoDeluxRecorderUITests.m in Sources */ = {isa = PBXBuildFile; fileRef = 2798AB6C1FD591A500948CF3 /* demoDeluxRecorderUITests.m */; };
		2798AB831FD591F600948CF3 /* DeluxRecorder.framework in Frameworks */ = {isa = PBXBuildFile; fileRef = 2798AB781FD591F600948CF3 /* DeluxRecorder.framework */; };
		2798AB8B1FD5920A00948CF3 /* music in Resources */ = {isa = PBXBuildFile; fileRef = 2798AB8A1FD5920A00948CF3 /* music */; };
		2798AB8C1FD5940F00948CF3 /* DeluxRecorder.framework in Frameworks */ = {isa = PBXBuildFile; fileRef = 2798AB781FD591F600948CF3 /* DeluxRecorder.framework */; };
		2798AB8D1FD5940F00948CF3 /* DeluxRecorder.framework in Embed Frameworks */ = {isa = PBXBuildFile; fileRef = 2798AB781FD591F600948CF3 /* DeluxRecorder.framework */; settings = {ATTRIBUTES = (CodeSignOnCopy, RemoveHeadersOnCopy, ); }; };
/* End PBXBuildFile section */

/* Begin PBXContainerItemProxy section */
		2798AB691FD591A500948CF3 /* PBXContainerItemProxy */ = {
			isa = PBXContainerItemProxy;
			containerPortal = 2798AB481FD591A400948CF3 /* Project object */;
			proxyType = 1;
			remoteGlobalIDString = 2798AB4F1FD591A400948CF3;
			remoteInfo = demoDeluxRecorder;
		};
/* End PBXContainerItemProxy section */

/* Begin PBXCopyFilesBuildPhase section */
		2798AB8E1FD5940F00948CF3 /* Embed Frameworks */ = {
			isa = PBXCopyFilesBuildPhase;
			buildActionMask = 2147483647;
			dstPath = "";
			dstSubfolderSpec = 10;
			files = (
				2798AB8D1FD5940F00948CF3 /* DeluxRecorder.framework in Embed Frameworks */,
			);
			name = "Embed Frameworks";
			runOnlyForDeploymentPostprocessing = 0;
		};
/* End PBXCopyFilesBuildPhase section */

/* Begin PBXFileReference section */
		2798AB501FD591A400948CF3 /* demoDeluxRecorder.app */ = {isa = PBXFileReference; explicitFileType = wrapper.application; includeInIndex = 0; path = demoDeluxRecorder.app; sourceTree = BUILT_PRODUCTS_DIR; };
		2798AB531FD591A400948CF3 /* AppDelegate.h */ = {isa = PBXFileReference; lastKnownFileType = sourcecode.c.h; path = AppDelegate.h; sourceTree = "<group>"; };
		2798AB541FD591A400948CF3 /* AppDelegate.m */ = {isa = PBXFileReference; lastKnownFileType = sourcecode.c.objc; path = AppDelegate.m; sourceTree = "<group>"; };
		2798AB561FD591A400948CF3 /* ViewController.h */ = {isa = PBXFileReference; lastKnownFileType = sourcecode.c.h; path = ViewController.h; sourceTree = "<group>"; };
		2798AB571FD591A400948CF3 /* ViewController.m */ = {isa = PBXFileReference; lastKnownFileType = sourcecode.c.objc; path = ViewController.m; sourceTree = "<group>"; };
		2798AB5A1FD591A400948CF3 /* Base */ = {isa = PBXFileReference; lastKnownFileType = file.storyboard; name = Base; path = Base.lproj/Main.storyboard; sourceTree = "<group>"; };
		2798AB5C1FD591A400948CF3 /* Assets.xcassets */ = {isa = PBXFileReference; lastKnownFileType = folder.assetcatalog; path = Assets.xcassets; sourceTree = "<group>"; };
		2798AB5F1FD591A400948CF3 /* Base */ = {isa = PBXFileReference; lastKnownFileType = file.storyboard; name = Base; path = Base.lproj/LaunchScreen.storyboard; sourceTree = "<group>"; };
		2798AB611FD591A400948CF3 /* Info.plist */ = {isa = PBXFileReference; lastKnownFileType = text.plist.xml; path = Info.plist; sourceTree = "<group>"; };
		2798AB621FD591A400948CF3 /* main.m */ = {isa = PBXFileReference; lastKnownFileType = sourcecode.c.objc; path = main.m; sourceTree = "<group>"; };
		2798AB681FD591A500948CF3 /* demoDeluxRecorderUITests.xctest */ = {isa = PBXFileReference; explicitFileType = wrapper.cfbundle; includeInIndex = 0; path = demoDeluxRecorderUITests.xctest; sourceTree = BUILT_PRODUCTS_DIR; };
		2798AB6C1FD591A500948CF3 /* demoDeluxRecorderUITests.m */ = {isa = PBXFileReference; lastKnownFileType = sourcecode.c.objc; path = demoDeluxRecorderUITests.m; sourceTree = "<group>"; };
		2798AB6E1FD591A500948CF3 /* Info.plist */ = {isa = PBXFileReference; lastKnownFileType = text.plist.xml; path = Info.plist; sourceTree = "<group>"; };
		2798AB781FD591F600948CF3 /* DeluxRecorder.framework */ = {isa = PBXFileReference; lastKnownFileType = wrapper.framework; path = DeluxRecorder.framework; sourceTree = "<group>"; };
		2798AB8A1FD5920A00948CF3 /* music */ = {isa = PBXFileReference; lastKnownFileType = folder; path = music; sourceTree = "<group>"; };
/* End PBXFileReference section */

/* Begin PBXFrameworksBuildPhase section */
		2798AB4D1FD591A400948CF3 /* Frameworks */ = {
			isa = PBXFrameworksBuildPhase;
			buildActionMask = 2147483647;
			files = (
				2798AB831FD591F600948CF3 /* DeluxRecorder.framework in Frameworks */,
				2798AB8C1FD5940F00948CF3 /* DeluxRecorder.framework in Frameworks */,
			);
			runOnlyForDeploymentPostprocessing = 0;
		};
		2798AB651FD591A500948CF3 /* Frameworks */ = {
			isa = PBXFrameworksBuildPhase;
			buildActionMask = 2147483647;
			files = (
			);
			runOnlyForDeploymentPostprocessing = 0;
		};
/* End PBXFrameworksBuildPhase section */

/* Begin PBXGroup section */
		2798AB471FD591A400948CF3 = {
			isa = PBXGroup;
			children = (
				2798AB521FD591A400948CF3 /* demoDeluxRecorder */,
				2798AB6B1FD591A500948CF3 /* demoDeluxRecorderUITests */,
				2798AB511FD591A400948CF3 /* Products */,
			);
			sourceTree = "<group>";
		};
		2798AB511FD591A400948CF3 /* Products */ = {
			isa = PBXGroup;
			children = (
				2798AB501FD591A400948CF3 /* demoDeluxRecorder.app */,
				2798AB681FD591A500948CF3 /* demoDeluxRecorderUITests.xctest */,
			);
			name = Products;
			sourceTree = "<group>";
		};
		2798AB521FD591A400948CF3 /* demoDeluxRecorder */ = {
			isa = PBXGroup;
			children = (
				2798AB8A1FD5920A00948CF3 /* music */,
				2798AB771FD591F600948CF3 /* framework */,
				2798AB531FD591A400948CF3 /* AppDelegate.h */,
				2798AB541FD591A400948CF3 /* AppDelegate.m */,
				2798AB561FD591A400948CF3 /* ViewController.h */,
				2798AB571FD591A400948CF3 /* ViewController.m */,
				2798AB591FD591A400948CF3 /* Main.storyboard */,
				2798AB5C1FD591A400948CF3 /* Assets.xcassets */,
				2798AB5E1FD591A400948CF3 /* LaunchScreen.storyboard */,
				2798AB611FD591A400948CF3 /* Info.plist */,
				2798AB621FD591A400948CF3 /* main.m */,
			);
			path = demoDeluxRecorder;
			sourceTree = "<group>";
		};
		2798AB6B1FD591A500948CF3 /* demoDeluxRecorderUITests */ = {
			isa = PBXGroup;
			children = (
				2798AB6C1FD591A500948CF3 /* demoDeluxRecorderUITests.m */,
				2798AB6E1FD591A500948CF3 /* Info.plist */,
			);
			path = demoDeluxRecorderUITests;
			sourceTree = "<group>";
		};
		2798AB771FD591F600948CF3 /* framework */ = {
			isa = PBXGroup;
			children = (
				2798AB781FD591F600948CF3 /* DeluxRecorder.framework */,
			);
			path = framework;
			sourceTree = "<group>";
		};
/* End PBXGroup section */

/* Begin PBXNativeTarget section */
		2798AB4F1FD591A400948CF3 /* demoDeluxRecorder */ = {
			isa = PBXNativeTarget;
			buildConfigurationList = 2798AB711FD591A500948CF3 /* Build configuration list for PBXNativeTarget "demoDeluxRecorder" */;
			buildPhases = (
				2798AB4C1FD591A400948CF3 /* Sources */,
				2798AB4D1FD591A400948CF3 /* Frameworks */,
				2798AB4E1FD591A400948CF3 /* Resources */,
				2798AB8E1FD5940F00948CF3 /* Embed Frameworks */,
			);
			buildRules = (
			);
			dependencies = (
			);
			name = demoDeluxRecorder;
			productName = demoDeluxRecorder;
			productReference = 2798AB501FD591A400948CF3 /* demoDeluxRecorder.app */;
			productType = "com.apple.product-type.application";
		};
		2798AB671FD591A500948CF3 /* demoDeluxRecorderUITests */ = {
			isa = PBXNativeTarget;
			buildConfigurationList = 2798AB741FD591A500948CF3 /* Build configuration list for PBXNativeTarget "demoDeluxRecorderUITests" */;
			buildPhases = (
				2798AB641FD591A500948CF3 /* Sources */,
				2798AB651FD591A500948CF3 /* Frameworks */,
				2798AB661FD591A500948CF3 /* Resources */,
			);
			buildRules = (
			);
			dependencies = (
				2798AB6A1FD591A500948CF3 /* PBXTargetDependency */,
			);
			name = demoDeluxRecorderUITests;
			productName = demoDeluxRecorderUITests;
			productReference = 2798AB681FD591A500948CF3 /* demoDeluxRecorderUITests.xctest */;
			productType = "com.apple.product-type.bundle.ui-testing";
		};
/* End PBXNativeTarget section */

/* Begin PBXProject section */
		2798AB481FD591A400948CF3 /* Project object */ = {
			isa = PBXProject;
			attributes = {
				LastUpgradeCheck = 0910;
				ORGANIZATIONNAME = "huang henry";
				TargetAttributes = {
					2798AB4F1FD591A400948CF3 = {
						CreatedOnToolsVersion = 9.1;
						ProvisioningStyle = Automatic;
					};
					2798AB671FD591A500948CF3 = {
						CreatedOnToolsVersion = 9.1;
						ProvisioningStyle = Automatic;
						TestTargetID = 2798AB4F1FD591A400948CF3;
					};
				};
			};
			buildConfigurationList = 2798AB4B1FD591A400948CF3 /* Build configuration list for PBXProject "demoDeluxRecorder" */;
			compatibilityVersion = "Xcode 8.0";
			developmentRegion = en;
			hasScannedForEncodings = 0;
			knownRegions = (
				en,
				Base,
			);
			mainGroup = 2798AB471FD591A400948CF3;
			productRefGroup = 2798AB511FD591A400948CF3 /* Products */;
			projectDirPath = "";
			projectRoot = "";
			targets = (
				2798AB4F1FD591A400948CF3 /* demoDeluxRecorder */,
				2798AB671FD591A500948CF3 /* demoDeluxRecorderUITests */,
			);
		};
/* End PBXProject section */

/* Begin PBXResourcesBuildPhase section */
		2798AB4E1FD591A400948CF3 /* Resources */ = {
			isa = PBXResourcesBuildPhase;
			buildActionMask = 2147483647;
			files = (
				2798AB601FD591A400948CF3 /* LaunchScreen.storyboard in Resources */,
				2798AB5D1FD591A400948CF3 /* Assets.xcassets in Resources */,
				2798AB8B1FD5920A00948CF3 /* music in Resources */,
				2798AB5B1FD591A400948CF3 /* Main.storyboard in Resources */,
			);
			runOnlyForDeploymentPostprocessing = 0;
		};
		2798AB661FD591A500948CF3 /* Resources */ = {
			isa = PBXResourcesBuildPhase;
			buildActionMask = 2147483647;
			files = (
			);
			runOnlyForDeploymentPostprocessing = 0;
		};
/* End PBXResourcesBuildPhase section */

/* Begin PBXSourcesBuildPhase section */
		2798AB4C1FD591A400948CF3 /* Sources */ = {
			isa = PBXSourcesBuildPhase;
			buildActionMask = 2147483647;
			files = (
				2798AB581FD591A400948CF3 /* ViewController.m in Sources */,
				2798AB631FD591A400948CF3 /* main.m in Sources */,
				2798AB551FD591A400948CF3 /* AppDelegate.m in Sources */,
			);
			runOnlyForDeploymentPostprocessing = 0;
		};
		2798AB641FD591A500948CF3 /* Sources */ = {
			isa = PBXSourcesBuildPhase;
			buildActionMask = 2147483647;
			files = (
				2798AB6D1FD591A500948CF3 /* demoDeluxRecorderUITests.m in Sources */,
			);
			runOnlyForDeploymentPostprocessing = 0;
		};
/* End PBXSourcesBuildPhase section */

/* Begin PBXTargetDependency section */
		2798AB6A1FD591A500948CF3 /* PBXTargetDependency */ = {
			isa = PBXTargetDependency;
			target = 2798AB4F1FD591A400948CF3 /* demoDeluxRecorder */;
			targetProxy = 2798AB691FD591A500948CF3 /* PBXContainerItemProxy */;
		};
/* End PBXTargetDependency section */

/* Begin PBXVariantGroup section */
		2798AB591FD591A400948CF3 /* Main.storyboard */ = {
			isa = PBXVariantGroup;
			children = (
				2798AB5A1FD591A400948CF3 /* Base */,
			);
			name = Main.storyboard;
			sourceTree = "<group>";
		};
		2798AB5E1FD591A400948CF3 /* LaunchScreen.storyboard */ = {
			isa = PBXVariantGroup;
			children = (
				2798AB5F1FD591A400948CF3 /* Base */,
			);
			name = LaunchScreen.storyboard;
			sourceTree = "<group>";
		};
/* End PBXVariantGroup section */

/* Begin XCBuildConfiguration section */
		2798AB6F1FD591A500948CF3 /* Debug */ = {
			isa = XCBuildConfiguration;
			buildSettings = {
				ALWAYS_SEARCH_USER_PATHS = NO;
				CLANG_ANALYZER_NONNULL = YES;
				CLANG_ANALYZER_NUMBER_OBJECT_CONVERSION = YES_AGGRESSIVE;
				CLANG_CXX_LANGUAGE_STANDARD = "gnu++14";
				CLANG_CXX_LIBRARY = "libc++";
				CLANG_ENABLE_MODULES = YES;
				CLANG_ENABLE_OBJC_ARC = YES;
				CLANG_WARN_BLOCK_CAPTURE_AUTORELEASING = YES;
				CLANG_WARN_BOOL_CONVERSION = YES;
				CLANG_WARN_COMMA = YES;
				CLANG_WARN_CONSTANT_CONVERSION = YES;
				CLANG_WARN_DIRECT_OBJC_ISA_USAGE = YES_ERROR;
				CLANG_WARN_DOCUMENTATION_COMMENTS = YES;
				CLANG_WARN_EMPTY_BODY = YES;
				CLANG_WARN_ENUM_CONVERSION = YES;
				CLANG_WARN_INFINITE_RECURSION = YES;
				CLANG_WARN_INT_CONVERSION = YES;
				CLANG_WARN_NON_LITERAL_NULL_CONVERSION = YES;
				CLANG_WARN_OBJC_LITERAL_CONVERSION = YES;
				CLANG_WARN_OBJC_ROOT_CLASS = YES_ERROR;
				CLANG_WARN_RANGE_LOOP_ANALYSIS = YES;
				CLANG_WARN_STRICT_PROTOTYPES = YES;
				CLANG_WARN_SUSPICIOUS_MOVE = YES;
				CLANG_WARN_UNGUARDED_AVAILABILITY = YES_AGGRESSIVE;
				CLANG_WARN_UNREACHABLE_CODE = YES;
				CLANG_WARN__DUPLICATE_METHOD_MATCH = YES;
				CODE_SIGN_IDENTITY = "iPhone Developer";
				COPY_PHASE_STRIP = NO;
				DEBUG_INFORMATION_FORMAT = dwarf;
				ENABLE_STRICT_OBJC_MSGSEND = YES;
				ENABLE_TESTABILITY = YES;
				GCC_C_LANGUAGE_STANDARD = gnu11;
				GCC_DYNAMIC_NO_PIC = NO;
				GCC_NO_COMMON_BLOCKS = YES;
				GCC_OPTIMIZATION_LEVEL = 0;
				GCC_PREPROCESSOR_DEFINITIONS = (
					"DEBUG=1",
					"$(inherited)",
				);
				GCC_WARN_64_TO_32_BIT_CONVERSION = YES;
				GCC_WARN_ABOUT_RETURN_TYPE = YES_ERROR;
				GCC_WARN_UNDECLARED_SELECTOR = YES;
				GCC_WARN_UNINITIALIZED_AUTOS = YES_AGGRESSIVE;
				GCC_WARN_UNUSED_FUNCTION = YES;
				GCC_WARN_UNUSED_VARIABLE = YES;
				IPHONEOS_DEPLOYMENT_TARGET = 11.1;
				MTL_ENABLE_DEBUG_INFO = YES;
				ONLY_ACTIVE_ARCH = YES;
				SDKROOT = iphoneos;
			};
			name = Debug;
		};
		2798AB701FD591A500948CF3 /* Release */ = {
			isa = XCBuildConfiguration;
			buildSettings = {
				ALWAYS_SEARCH_USER_PATHS = NO;
				CLANG_ANALYZER_NONNULL = YES;
				CLANG_ANALYZER_NUMBER_OBJECT_CONVERSION = YES_AGGRESSIVE;
				CLANG_CXX_LANGUAGE_STANDARD = "gnu++14";
				CLANG_CXX_LIBRARY = "libc++";
				CLANG_ENABLE_MODULES = YES;
				CLANG_ENABLE_OBJC_ARC = YES;
				CLANG_WARN_BLOCK_CAPTURE_AUTORELEASING = YES;
				CLANG_WARN_BOOL_CONVERSION = YES;
				CLANG_WARN_COMMA = YES;
				CLANG_WARN_CONSTANT_CONVERSION = YES;
				CLANG_WARN_DIRECT_OBJC_ISA_USAGE = YES_ERROR;
				CLANG_WARN_DOCUMENTATION_COMMENTS = YES;
				CLANG_WARN_EMPTY_BODY = YES;
				CLANG_WARN_ENUM_CONVERSION = YES;
				CLANG_WARN_INFINITE_RECURSION = YES;
				CLANG_WARN_INT_CONVERSION = YES;
				CLANG_WARN_NON_LITERAL_NULL_CONVERSION = YES;
				CLANG_WARN_OBJC_LITERAL_CONVERSION = YES;
				CLANG_WARN_OBJC_ROOT_CLASS = YES_ERROR;
				CLANG_WARN_RANGE_LOOP_ANALYSIS = YES;
				CLANG_WARN_STRICT_PROTOTYPES = YES;
				CLANG_WARN_SUSPICIOUS_MOVE = YES;
				CLANG_WARN_UNGUARDED_AVAILABILITY = YES_AGGRESSIVE;
				CLANG_WARN_UNREACHABLE_CODE = YES;
				CLANG_WARN__DUPLICATE_METHOD_MATCH = YES;
				CODE_SIGN_IDENTITY = "iPhone Developer";
				COPY_PHASE_STRIP = NO;
				DEBUG_INFORMATION_FORMAT = "dwarf-with-dsym";
				ENABLE_NS_ASSERTIONS = NO;
				ENABLE_STRICT_OBJC_MSGSEND = YES;
				GCC_C_LANGUAGE_STANDARD = gnu11;
				GCC_NO_COMMON_BLOCKS = YES;
				GCC_WARN_64_TO_32_BIT_CONVERSION = YES;
				GCC_WARN_ABOUT_RETURN_TYPE = YES_ERROR;
				GCC_WARN_UNDECLARED_SELECTOR = YES;
				GCC_WARN_UNINITIALIZED_AUTOS = YES_AGGRESSIVE;
				GCC_WARN_UNUSED_FUNCTION = YES;
				GCC_WARN_UNUSED_VARIABLE = YES;
				IPHONEOS_DEPLOYMENT_TARGET = 11.1;
				MTL_ENABLE_DEBUG_INFO = NO;
				SDKROOT = iphoneos;
				VALIDATE_PRODUCT = YES;
			};
			name = Release;
		};
		2798AB721FD591A500948CF3 /* Debug */ = {
			isa = XCBuildConfiguration;
			buildSettings = {
				ASSETCATALOG_COMPILER_APPICON_NAME = AppIcon;
				CODE_SIGN_STYLE = Automatic;
				DEVELOPMENT_TEAM = J66MUZSJ9R;
				FRAMEWORK_SEARCH_PATHS = (
					"$(inherited)",
					"$(PROJECT_DIR)/demoDeluxRecorder/framework",
				);
				INFOPLIST_FILE = demoDeluxRecorder/Info.plist;
				IPHONEOS_DEPLOYMENT_TARGET = 9.0;
				LD_RUNPATH_SEARCH_PATHS = "$(inherited) @executable_path/Frameworks";
				PRODUCT_BUNDLE_IDENTIFIER = delux.demoDeluxRecorder;
				PRODUCT_NAME = "$(TARGET_NAME)";
				TARGETED_DEVICE_FAMILY = "1,2";
			};
			name = Debug;
		};
		2798AB731FD591A500948CF3 /* Release */ = {
			isa = XCBuildConfiguration;
			buildSettings = {
				ASSETCATALOG_COMPILER_APPICON_NAME = AppIcon;
				CODE_SIGN_STYLE = Automatic;
				DEVELOPMENT_TEAM = J66MUZSJ9R;
				FRAMEWORK_SEARCH_PATHS = (
					"$(inherited)",
					"$(PROJECT_DIR)/demoDeluxRecorder/framework",
				);
				INFOPLIST_FILE = demoDeluxRecorder/Info.plist;
				IPHONEOS_DEPLOYMENT_TARGET = 9.0;
				LD_RUNPATH_SEARCH_PATHS = "$(inherited) @executable_path/Frameworks";
				PRODUCT_BUNDLE_IDENTIFIER = delux.demoDeluxRecorder;
				PRODUCT_NAME = "$(TARGET_NAME)";
				TARGETED_DEVICE_FAMILY = "1,2";
			};
			name = Release;
		};
		2798AB751FD591A500948CF3 /* Debug */ = {
			isa = XCBuildConfiguration;
			buildSettings = {
				CODE_SIGN_STYLE = Automatic;
				DEVELOPMENT_TEAM = J66MUZSJ9R;
				INFOPLIST_FILE = demoDeluxRecorderUITests/Info.plist;
				LD_RUNPATH_SEARCH_PATHS = "$(inherited) @executable_path/Frameworks @loader_path/Frameworks";
				PRODUCT_BUNDLE_IDENTIFIER = delux.demoDeluxRecorderUITests;
				PRODUCT_NAME = "$(TARGET_NAME)";
				TARGETED_DEVICE_FAMILY = "1,2";
				TEST_TARGET_NAME = demoDeluxRecorder;
			};
			name = Debug;
		};
		2798AB761FD591A500948CF3 /* Release */ = {
			isa = XCBuildConfiguration;
			buildSettings = {
				CODE_SIGN_STYLE = Automatic;
				DEVELOPMENT_TEAM = J66MUZSJ9R;
				INFOPLIST_FILE = demoDeluxRecorderUITests/Info.plist;
				LD_RUNPATH_SEARCH_PATHS = "$(inherited) @executable_path/Frameworks @loader_path/Frameworks";
				PRODUCT_BUNDLE_IDENTIFIER = delux.demoDeluxRecorderUITests;
				PRODUCT_NAME = "$(TARGET_NAME)";
				TARGETED_DEVICE_FAMILY = "1,2";
				TEST_TARGET_NAME = demoDeluxRecorder;
			};
			name = Release;
		};
/* End XCBuildConfiguration section */

/* Begin XCConfigurationList section */
		2798AB4B1FD591A400948CF3 /* Build configuration list for PBXProject "demoDeluxRecorder" */ = {
			isa = XCConfigurationList;
			buildConfigurations = (
				2798AB6F1FD591A500948CF3 /* Debug */,
				2798AB701FD591A500948CF3 /* Release */,
			);
			defaultConfigurationIsVisible = 0;
			defaultConfigurationName = Release;
		};
		2798AB711FD591A500948CF3 /* Build configuration list for PBXNativeTarget "demoDeluxRecorder" */ = {
			isa = XCConfigurationList;
			buildConfigurations = (
				2798AB721FD591A500948CF3 /* Debug */,
				2798AB731FD591A500948CF3 /* Release */,
			);
			defaultConfigurationIsVisible = 0;
			defaultConfigurationName = Release;
		};
		2798AB741FD591A500948CF3 /* Build configuration list for PBXNativeTarget "demoDeluxRecorderUITests" */ = {
			isa = XCConfigurationList;
			buildConfigurations = (
				2798AB751FD591A500948CF3 /* Debug */,
				2798AB761FD591A500948CF3 /* Release */,
			);
			defaultConfigurationIsVisible = 0;
			defaultConfigurationName = Release;
		};
/* End XCConfigurationList section */
	};
	rootObject = 2798AB481FD591A400948CF3 /* Project object */;
}
